
Microsoft Visual Studio Solution File, Format Version 12.00
# Visual Studio Version 17
VisualStudioVersion = 17.9.34622.214
MinimumVisualStudioVersion = 10.0.40219.1
Project("{FAE04EC0-301F-11D3-BF4B-00C04F79EFBC}") = "Purchase of manga", "Purchase of manga\Purchase of manga.csproj", "{AA56989D-79DD-4E4B-BA49-D3D5BABE60AF}"
EndProject
Global
	GlobalSection(SolutionConfigurationPlatforms) = preSolution
		Debug|Any CPU = Debug|Any CPU
		Release|Any CPU = Release|Any CPU
	EndGlobalSection
	GlobalSection(ProjectConfigurationPlatforms) = postSolution
		{AA56989D-79DD-4E4B-BA49-D3D5BABE60AF}.Debug|Any CPU.ActiveCfg = Debug|Any CPU
		{AA56989D-79DD-4E4B-BA49-D3D5BABE60AF}.Debug|Any CPU.Build.0 = Debug|Any CPU
		{AA56989D-79DD-4E4B-BA49-D3D5BABE60AF}.Release|Any CPU.ActiveCfg = Release|Any CPU
		{AA56989D-79DD-4E4B-BA49-D3D5BABE60AF}.Release|Any CPU.Build.0 = Release|Any CPU
	EndGlobalSection
	GlobalSection(SolutionProperties) = preSolution
		HideSolutionNode = FALSE
	EndGlobalSection
	GlobalSection(ExtensibilityGlobals) = postSolution
		SolutionGuid = {F6B44C58-1417-4EAD-AFAB-1FC7CDD9309A}
	EndGlobalSection
EndGlobal
